
Microsoft Visual Studio Solution File, Format Version 12.00
# Visual Studio Version 17
VisualStudioVersion = 17.10.35013.160
MinimumVisualStudioVersion = 10.0.40219.1
Project("{FAE04EC0-301F-11D3-BF4B-00C04F79EFBC}") = "Constructor_API", "Constructor_API.csproj", "{3F039F57-EC34-48B2-A9FD-37C66294A2EA}"
EndProject
Global
	GlobalSection(SolutionConfigurationPlatforms) = preSolution
		Debug|Any CPU = Debug|Any CPU
		Release|Any CPU = Release|Any CPU
	EndGlobalSection
	GlobalSection(ProjectConfigurationPlatforms) = postSolution
		{3F039F57-EC34-48B2-A9FD-37C66294A2EA}.Debug|Any CPU.ActiveCfg = Debug|Any CPU
		{3F039F57-EC34-48B2-A9FD-37C66294A2EA}.Debug|Any CPU.Build.0 = Debug|Any CPU
		{3F039F57-EC34-48B2-A9FD-37C66294A2EA}.Release|Any CPU.ActiveCfg = Release|Any CPU
		{3F039F57-EC34-48B2-A9FD-37C66294A2EA}.Release|Any CPU.Build.0 = Release|Any CPU
	EndGlobalSection
	GlobalSection(SolutionProperties) = preSolution
		HideSolutionNode = FALSE
	EndGlobalSection
	GlobalSection(ExtensibilityGlobals) = postSolution
		SolutionGuid = {D4B76619-A5ED-41BA-8AC7-706B34F33C99}
	EndGlobalSection
EndGlobal
